
Microsoft Visual Studio Solution File, Format Version 12.00
# Visual Studio Version 17
VisualStudioVersion = 17.13.35919.96 d17.13
MinimumVisualStudioVersion = 10.0.40219.1
Project("{FAE04EC0-301F-11D3-BF4B-00C04F79EFBC}") = "MOLINES_EDP", "MOLINES_EDP\MOLINES_EDP.csproj", "{7D4C2BCB-B0E0-43F8-9A27-E20E756BACEC}"
EndProject
Global
	GlobalSection(SolutionConfigurationPlatforms) = preSolution
		Debug|Any CPU = Debug|Any CPU
		Release|Any CPU = Release|Any CPU
	EndGlobalSection
	GlobalSection(ProjectConfigurationPlatforms) = postSolution
		{7D4C2BCB-B0E0-43F8-9A27-E20E756BACEC}.Debug|Any CPU.ActiveCfg = Debug|Any CPU
		{7D4C2BCB-B0E0-43F8-9A27-E20E756BACEC}.Debug|Any CPU.Build.0 = Debug|Any CPU
		{7D4C2BCB-B0E0-43F8-9A27-E20E756BACEC}.Release|Any CPU.ActiveCfg = Release|Any CPU
		{7D4C2BCB-B0E0-43F8-9A27-E20E756BACEC}.Release|Any CPU.Build.0 = Release|Any CPU
	EndGlobalSection
	GlobalSection(SolutionProperties) = preSolution
		HideSolutionNode = FALSE
	EndGlobalSection
	GlobalSection(ExtensibilityGlobals) = postSolution
		SolutionGuid = {EC5EC056-DE82-4559-9007-52B1D49727D1}
	EndGlobalSection
EndGlobal
